version = 1
revision = 3
requires-python = ">=3.14"

[[package]]
name = "psychologyilona"
version = "0.1.0"
source = { virtual = "." }

[package.dev-dependencies]
dev = [
    { name = "ruff" },
    { name = "ty" },
]

[package.metadata]

[package.metadata.requires-dev]
dev = [
    { name = "ruff", specifier = ">=0.14.9" },
    { name = "ty", specifier = ">=0.0.1a35" },
]

[[package]]
name = "ruff"
version = "0.14.9"
source = { registry = "https://pypi.org/simple" }
sdist = { url = "https://files.pythonhosted.org/packages/f6/1b/ab712a9d5044435be8e9a2beb17cbfa4c241aa9b5e4413febac2a8b79ef2/ruff-0.14.9.tar.gz", hash = "sha256:35f85b25dd586381c0cc053f48826109384c81c00ad7ef1bd977bfcc28119d5b", size = 5809165, upload-time = "2025-12-11T21:39:47.381Z" }
wheels = [
    { url = "https://files.pythonhosted.org/packages/b8/1c/d1b1bba22cffec02351c78ab9ed4f7d7391876e12720298448b29b7229c1/ruff-0.14.9-py3-none-linux_armv6l.whl", hash = "sha256:f1ec5de1ce150ca6e43691f4a9ef5c04574ad9ca35c8b3b0e18877314aba7e75", size = 13576541, upload-time = "2025-12-11T21:39:14.806Z" },
    { url = "https://files.pythonhosted.org/packages/94/ab/ffe580e6ea1fca67f6337b0af59fc7e683344a43642d2d55d251ff83ceae/ruff-0.14.9-py3-none-macosx_10_12_x86_64.whl", hash = "sha256:ed9d7417a299fc6030b4f26333bf1117ed82a61ea91238558c0268c14e00d0c2", size = 13779363, upload-time = "2025-12-11T21:39:20.29Z" },
    { url = "https://files.pythonhosted.org/packages/7d/f8/2be49047f929d6965401855461e697ab185e1a6a683d914c5c19c7962d9e/ruff-0.14.9-py3-none-macosx_11_0_arm64.whl", hash = "sha256:d5dc3473c3f0e4a1008d0ef1d75cee24a48e254c8bed3a7afdd2b4392657ed2c", size = 12925292, upload-time = "2025-12-11T21:39:38.757Z" },
    { url = "https://files.pythonhosted.org/packages/9e/e9/08840ff5127916bb989c86f18924fd568938b06f58b60e206176f327c0fe/ruff-0.14.9-py3-none-manylinux_2_17_aarch64.manylinux2014_aarch64.whl", hash = "sha256:84bf7c698fc8f3cb8278830fb6b5a47f9bcc1ed8cb4f689b9dd02698fa840697", size = 13362894, upload-time = "2025-12-11T21:39:02.524Z" },
    { url = "https://files.pythonhosted.org/packages/31/1c/5b4e8e7750613ef43390bb58658eaf1d862c0cc3352d139cd718a2cea164/ruff-0.14.9-py3-none-manylinux_2_17_armv7l.manylinux2014_armv7l.whl", hash = "sha256:aa733093d1f9d88a5d98988d8834ef5d6f9828d03743bf5e338bf980a19fce27", size = 13311482, upload-time = "2025-12-11T21:39:17.51Z" },
    { url = "https://files.pythonhosted.org/packages/5b/3a/459dce7a8cb35ba1ea3e9c88f19077667a7977234f3b5ab197fad240b404/ruff-0.14.9-py3-none-manylinux_2_17_i686.manylinux2014_i686.whl", hash = "sha256:6a1cfb04eda979b20c8c19550c8b5f498df64ff8da151283311ce3199e8b3648", size = 14016100, upload-time = "2025-12-11T21:39:41.948Z" },
    { url = "https://files.pythonhosted.org/packages/a6/31/f064f4ec32524f9956a0890fc6a944e5cf06c63c554e39957d208c0ffc45/ruff-0.14.9-py3-none-manylinux_2_17_ppc64.manylinux2014_ppc64.whl", hash = "sha256:1e5cb521e5ccf0008bd74d5595a4580313844a42b9103b7388eca5a12c970743", size = 15477729, upload-time = "2025-12-11T21:39:23.279Z" },
    { url = "https://files.pythonhosted.org/packages/7a/6d/f364252aad36ccd443494bc5f02e41bf677f964b58902a17c0b16c53d890/ruff-0.14.9-py3-none-manylinux_2_17_ppc64le.manylinux2014_ppc64le.whl", hash = "sha256:cd429a8926be6bba4befa8cdcf3f4dd2591c413ea5066b1e99155ed245ae42bb", size = 15122386, upload-time = "2025-12-11T21:39:33.125Z" },
    { url = "https://files.pythonhosted.org/packages/20/02/e848787912d16209aba2799a4d5a1775660b6a3d0ab3944a4ccc13e64a02/ruff-0.14.9-py3-none-manylinux_2_17_s390x.manylinux2014_s390x.whl", hash = "sha256:ab208c1b7a492e37caeaf290b1378148f75e13c2225af5d44628b95fd7834273", size = 14497124, upload-time = "2025-12-11T21:38:59.33Z" },
    { url = "https://files.pythonhosted.org/packages/f3/51/0489a6a5595b7760b5dbac0dd82852b510326e7d88d51dbffcd2e07e3ff3/ruff-0.14.9-py3-none-manylinux_2_17_x86_64.manylinux2014_x86_64.whl", hash = "sha256:72034534e5b11e8a593f517b2f2f2b273eb68a30978c6a2d40473ad0aaa4cb4a", size = 14195343, upload-time = "2025-12-11T21:39:44.866Z" },
    { url = "https://files.pythonhosted.org/packages/f6/53/3bb8d2fa73e4c2f80acc65213ee0830fa0c49c6479313f7a68a00f39e208/ruff-0.14.9-py3-none-manylinux_2_31_riscv64.whl", hash = "sha256:712ff04f44663f1b90a1195f51525836e3413c8a773574a7b7775554269c30ed", size = 14346425, upload-time = "2025-12-11T21:39:05.927Z" },
    { url = "https://files.pythonhosted.org/packages/ad/04/bdb1d0ab876372da3e983896481760867fc84f969c5c09d428e8f01b557f/ruff-0.14.9-py3-none-musllinux_1_2_aarch64.whl", hash = "sha256:a111fee1db6f1d5d5810245295527cda1d367c5aa8f42e0fca9a78ede9b4498b", size = 13258768, upload-time = "2025-12-11T21:39:08.691Z" },
    { url = "https://files.pythonhosted.org/packages/40/d9/8bf8e1e41a311afd2abc8ad12be1b6c6c8b925506d9069b67bb5e9a04af3/ruff-0.14.9-py3-none-musllinux_1_2_armv7l.whl", hash = "sha256:8769efc71558fecc25eb295ddec7d1030d41a51e9dcf127cbd63ec517f22d567", size = 13326939, upload-time = "2025-12-11T21:39:53.842Z" },
    { url = "https://files.pythonhosted.org/packages/f4/56/a213fa9edb6dd849f1cfbc236206ead10913693c72a67fb7ddc1833bf95d/ruff-0.14.9-py3-none-musllinux_1_2_i686.whl", hash = "sha256:347e3bf16197e8a2de17940cd75fd6491e25c0aa7edf7d61aa03f146a1aa885a", size = 13578888, upload-time = "2025-12-11T21:39:35.988Z" },
    { url = "https://files.pythonhosted.org/packages/33/09/6a4a67ffa4abae6bf44c972a4521337ffce9cbc7808faadede754ef7a79c/ruff-0.14.9-py3-none-musllinux_1_2_x86_64.whl", hash = "sha256:7715d14e5bccf5b660f54516558aa94781d3eb0838f8e706fb60e3ff6eff03a8", size = 14314473, upload-time = "2025-12-11T21:39:50.78Z" },
    { url = "https://files.pythonhosted.org/packages/12/0d/15cc82da5d83f27a3c6b04f3a232d61bc8c50d38a6cd8da79228e5f8b8d6/ruff-0.14.9-py3-none-win32.whl", hash = "sha256:df0937f30aaabe83da172adaf8937003ff28172f59ca9f17883b4213783df197", size = 13202651, upload-time = "2025-12-11T21:39:26.628Z" },
    { url = "https://files.pythonhosted.org/packages/32/f7/c78b060388eefe0304d9d42e68fab8cffd049128ec466456cef9b8d4f06f/ruff-0.14.9-py3-none-win_amd64.whl", hash = "sha256:c0b53a10e61df15a42ed711ec0bda0c582039cf6c754c49c020084c55b5b0bc2", size = 14702079, upload-time = "2025-12-11T21:39:11.954Z" },
    { url = "https://files.pythonhosted.org/packages/26/09/7a9520315decd2334afa65ed258fed438f070e31f05a2e43dd480a5e5911/ruff-0.14.9-py3-none-win_arm64.whl", hash = "sha256:8e821c366517a074046d92f0e9213ed1c13dbc5b37a7fc20b07f79b64d62cc84", size = 13744730, upload-time = "2025-12-11T21:39:29.659Z" },
]

[[package]]
name = "ty"
version = "0.0.1a35"
source = { registry = "https://pypi.org/simple" }
sdist = { url = "https://files.pythonhosted.org/packages/d7/e6/6dc6cd37edb5ce3346af6a1db7477b01210057a0e6dfd978b1b50dae0d3b/ty-0.0.1a35.tar.gz", hash = "sha256:b122986b36a7e7482943312026948e67670f8f252bdf1afa5378b1a59372c25e", size = 4757384, upload-time = "2025-12-16T09:32:11.65Z" }
wheels = [
    { url = "https://files.pythonhosted.org/packages/e7/43/73a990875c35e1bba04d661fb79ad3ecf1a5efc8f68eb493611618fb70db/ty-0.0.1a35-py3-none-linux_armv6l.whl", hash = "sha256:70dde7bcf9ccf56be0708d1a399c5b796c38f38726dddbc61d5d64d84f83af6b", size = 9733533, upload-time = "2025-12-16T09:31:57.792Z" },
    { url = "https://files.pythonhosted.org/packages/22/3b/ff0ce17f0c39f0456b1e5d64ddcc94d5b1a1acd5f1199a6062c52f83eb5b/ty-0.0.1a35-py3-none-macosx_10_12_x86_64.whl", hash = "sha256:56a4f81fa980565abe692af82266c1c348bd4eaf4205bff4fcb5bb6ec0a211f4", size = 9549823, upload-time = "2025-12-16T09:32:04.048Z" },
    { url = "https://files.pythonhosted.org/packages/f6/c4/439b7d29eb3301786315343cf5ceae1d80ed29248261f01ef4938d4dd52a/ty-0.0.1a35-py3-none-macosx_11_0_arm64.whl", hash = "sha256:144ab0ca5d0552b4248ae31a7ca89f434d5f16df29bcc95100bef1fdec892b95", size = 9085563, upload-time = "2025-12-16T09:31:55.618Z" },
    { url = "https://files.pythonhosted.org/packages/26/fa/103f8119ad5c0dcee178f54c4a07c6d66fcd23026cf6ca3ff15d0167a1e1/ty-0.0.1a35-py3-none-manylinux_2_17_aarch64.manylinux2014_aarch64.whl", hash = "sha256:6db9a9e252ca73b4bae063ae3bac9e0723557aff6298f96ad1696a985b3e623f", size = 9545980, upload-time = "2025-12-16T09:32:19.387Z" },
    { url = "https://files.pythonhosted.org/packages/ca/3c/393fdc31a3f76118acfd7c417a11896599706ea6f86a2bef67ab1f2b7434/ty-0.0.1a35-py3-none-manylinux_2_17_armv7l.manylinux2014_armv7l.whl", hash = "sha256:081955635f12233433f74eff51acb2f5380ed23091c9c72d09d02494073c9d4f", size = 9526178, upload-time = "2025-12-16T09:31:53.666Z" },
    { url = "https://files.pythonhosted.org/packages/49/c2/e1a2bc5db76d8a48c016726284b3641edd4da28d4fa1232a8f25954b02ab/ty-0.0.1a35-py3-none-manylinux_2_17_i686.manylinux2014_i686.whl", hash = "sha256:a4f59fa2dc7dc4e8f0c9135738670c6691072de0b5b11582c9ca55895f8b92c9", size = 9957905, upload-time = "2025-12-16T09:32:13.222Z" },
    { url = "https://files.pythonhosted.org/packages/01/05/33e9615aaadca192e5a72ac4e4f337c2bd1f445f3aba02374a853544ce1a/ty-0.0.1a35-py3-none-manylinux_2_17_ppc64.manylinux2014_ppc64.whl", hash = "sha256:48e466329c16f0dc4d60b54539bb3e50983516f7024e7e260d50f4b4bbbd4c3e", size = 10808553, upload-time = "2025-12-16T09:31:51.524Z" },
    { url = "https://files.pythonhosted.org/packages/84/60/4c68eabe71083aeaadff75ac3dba50d66dcd716312173e954a7225d77f7a/ty-0.0.1a35-py3-none-manylinux_2_17_ppc64le.manylinux2014_ppc64le.whl", hash = "sha256:87ca20fe7f05dd7335f863cfcff4d51d611816b413be6d14e20c146e4e522471", size = 10533563, upload-time = "2025-12-16T09:32:08.026Z" },
    { url = "https://files.pythonhosted.org/packages/37/e8/9acf064ca768910703b253b721c3a3e7e64fa694c9dd8894ce6bc03de589/ty-0.0.1a35-py3-none-manylinux_2_17_s390x.manylinux2014_s390x.whl", hash = "sha256:188c8e2d7f3767d20dcd44b38cc585a0ab4fcee2ebcdb1d4442ca588dbc8c688", size = 10317435, upload-time = "2025-12-16T09:32:23.262Z" },
    { url = "https://files.pythonhosted.org/packages/06/32/87ea1e72a4028493e39c4e5061d4d0a6481fb0326a3a7101f611c188e53c/ty-0.0.1a35-py3-none-manylinux_2_17_x86_64.manylinux2014_x86_64.whl", hash = "sha256:5dba3072078486e4e5ffebe83ac2e2199053fabddecbf5b8b9736021a8258556", size = 10086760, upload-time = "2025-12-16T09:32:09.935Z" },
    { url = "https://files.pythonhosted.org/packages/95/11/b02d3376ebbb003cbad700d2800f8242ad0eed22084be929710e638e0857/ty-0.0.1a35-py3-none-musllinux_1_2_aarch64.whl", hash = "sha256:b9bdef2a44fc1e8e40531bd714f9ec4f208dd13474f307547c0a93055dbaeccc", size = 9526479, upload-time = "2025-12-16T09:31:49.267Z" },
    { url = "https://files.pythonhosted.org/packages/1c/34/0c41e7402167fde28923ed5b8e738cb8e13a5205b19f68226d3519121f81/ty-0.0.1a35-py3-none-musllinux_1_2_armv7l.whl", hash = "sha256:c4d1ed3b9c954ddb258ece43c84bb2dafd569bad3f437467b594de535caf3bde", size = 9549879, upload-time = "2025-12-16T09:32:02.089Z" },
    { url = "https://files.pythonhosted.org/packages/b4/e2/708eaa20eb274ade4e82ed74c814e86b136aa7cfad8cafb81e61653e8d48/ty-0.0.1a35-py3-none-musllinux_1_2_i686.whl", hash = "sha256:ae9e28d2d549faac040b6b8acd9338b7acebbd7185e89af30b01bb115d68ddd4", size = 9680030, upload-time = "2025-12-16T09:31:59.889Z" },
    { url = "https://files.pythonhosted.org/packages/86/97/797ad5f94ae43bb5566b3ad52acec3ebdad6c282da5086c04d535e79d6eb/ty-0.0.1a35-py3-none-musllinux_1_2_x86_64.whl", hash = "sha256:0cb5f1084023d5bef5afa510db3a5052d4d18160e1708d3c5bf5a23f1d59a792", size = 10182670, upload-time = "2025-12-16T09:32:15.383Z" },
    { url = "https://files.pythonhosted.org/packages/ae/34/4677ffc3c7e779f0da9727b75e73c17cd8f1740bcab73fb9a142fd25c57f/ty-0.0.1a35-py3-none-win32.whl", hash = "sha256:11e3ee5df2a26fd6d0764cf425ac538a225fc077a694ba2c0f4a0fa78b760c07", size = 9163578, upload-time = "2025-12-16T09:32:17.273Z" },
    { url = "https://files.pythonhosted.org/packages/cf/27/6a8fcb4125d6bd0c0a39a697953fb89c562dd1188d60124296d015b8fc5a/ty-0.0.1a35-py3-none-win_amd64.whl", hash = "sha256:9448a12b34f377eb841141908bfd74861404d25c21d8c934e67415a3655c952b", size = 10041561, upload-time = "2025-12-16T09:32:21.233Z" },
    { url = "https://files.pythonhosted.org/packages/72/6d/a473f68972b405356afaaaf77fc15f7ca03de3403b578e138c1ffabeb1a9/ty-0.0.1a35-py3-none-win_arm64.whl", hash = "sha256:78fbb25e4a516568c993a2e12024285248ac091ad24a5b2f41cc815b8c65935e", size = 9537665, upload-time = "2025-12-16T09:32:06.009Z" },
]
